// !$*UTF8*$!
{
	archiveVersion = 1;
	classes = {
	};
	objectVersion = 46;
	objects = {

/* Begin PBXBuildFile section */
		F01617C21BE1BB6D008582DC /* AppDelegate.swift in Sources */ = {isa = PBXBuildFile; fileRef = F01617C11BE1BB6D008582DC /* AppDelegate.swift */; };
		F01617C41BE1BB6D008582DC /* ViewController.swift in Sources */ = {isa = PBXBuildFile; fileRef = F01617C31BE1BB6D008582DC /* ViewController.swift */; };
		F01617C71BE1BB6D008582DC /* Main.storyboard in Resources */ = {isa = PBXBuildFile; fileRef = F01617C51BE1BB6D008582DC /* Main.storyboard */; };
		F01617C91BE1BB6D008582DC /* Images.xcassets in Resources */ = {isa = PBXBuildFile; fileRef = F01617C81BE1BB6D008582DC /* Images.xcassets */; };
		F01617CC1BE1BB6D008582DC /* LaunchScreen.xib in Resources */ = {isa = PBXBuildFile; fileRef = F01617CA1BE1BB6D008582DC /* LaunchScreen.xib */; };
		F01617D81BE1BB6D008582DC /* Midterm_PracticeTests.swift in Sources */ = {isa = PBXBuildFile; fileRef = F01617D71BE1BB6D008582DC /* Midterm_PracticeTests.swift */; };
/* End PBXBuildFile section */

/* Begin PBXContainerItemProxy section */
		F01617D21BE1BB6D008582DC /* PBXContainerItemProxy */ = {
			isa = PBXContainerItemProxy;
			containerPortal = F01617B41BE1BB6D008582DC /* Project object */;
			proxyType = 1;
			remoteGlobalIDString = F01617BB1BE1BB6D008582DC;
			remoteInfo = "Midterm Practice";
		};
/* End PBXContainerItemProxy section */

/* Begin PBXFileReference section */
		F01617BC1BE1BB6D008582DC /* Midterm Practice.app */ = {isa = PBXFileReference; explicitFileType = wrapper.application; includeInIndex = 0; path = "Midterm Practice.app"; sourceTree = BUILT_PRODUCTS_DIR; };
		F01617C01BE1BB6D008582DC /* Info.plist */ = {isa = PBXFileReference; lastKnownFileType = text.plist.xml; path = Info.plist; sourceTree = "<group>"; };
		F01617C11BE1BB6D008582DC /* AppDelegate.swift */ = {isa = PBXFileReference; lastKnownFileType = sourcecode.swift; path = AppDelegate.swift; sourceTree = "<group>"; };
		F01617C31BE1BB6D008582DC /* ViewController.swift */ = {isa = PBXFileReference; lastKnownFileType = sourcecode.swift; path = ViewController.swift; sourceTree = "<group>"; };
		F01617C61BE1BB6D008582DC /* Base */ = {isa = PBXFileReference; lastKnownFileType = file.storyboard; name = Base; path = Base.lproj/Main.storyboard; sourceTree = "<group>"; };
		F01617C81BE1BB6D008582DC /* Images.xcassets */ = {isa = PBXFileReference; lastKnownFileType = folder.assetcatalog; path = Images.xcassets; sourceTree = "<group>"; };
		F01617CB1BE1BB6D008582DC /* Base */ = {isa = PBXFileReference; lastKnownFileType = file.xib; name = Base; path = Base.lproj/LaunchScreen.xib; sourceTree = "<group>"; };
		F01617D11BE1BB6D008582DC /* Midterm PracticeTests.xctest */ = {isa = PBXFileReference; explicitFileType = wrapper.cfbundle; includeInIndex = 0; path = "Midterm PracticeTests.xctest"; sourceTree = BUILT_PRODUCTS_DIR; };
		F01617D61BE1BB6D008582DC /* Info.plist */ = {isa = PBXFileReference; lastKnownFileType = text.plist.xml; path = Info.plist; sourceTree = "<group>"; };
		F01617D71BE1BB6D008582DC /* Midterm_PracticeTests.swift */ = {isa = PBXFileReference; lastKnownFileType = sourcecode.swift; path = Midterm_PracticeTests.swift; sourceTree = "<group>"; };
/* End PBXFileReference section */

/* Begin PBXFrameworksBuildPhase section */
		F01617B91BE1BB6D008582DC /* Frameworks */ = {
			isa = PBXFrameworksBuildPhase;
			buildActionMask = 2147483647;
			files = (
			);
			runOnlyForDeploymentPostprocessing = 0;
		};
		F01617CE1BE1BB6D008582DC /* Frameworks */ = {
			isa = PBXFrameworksBuildPhase;
			buildActionMask = 2147483647;
			files = (
			);
			runOnlyForDeploymentPostprocessing = 0;
		};
/* End PBXFrameworksBuildPhase section */

/* Begin PBXGroup section */
		F01617B31BE1BB6D008582DC = {
			isa = PBXGroup;
			children = (
				F01617BE1BE1BB6D008582DC /* Midterm Practice */,
				F01617D41BE1BB6D008582DC /* Midterm PracticeTests */,
				F01617BD1BE1BB6D008582DC /* Products */,
			);
			sourceTree = "<group>";
		};
		F01617BD1BE1BB6D008582DC /* Products */ = {
			isa = PBXGroup;
			children = (
				F01617BC1BE1BB6D008582DC /* Midterm Practice.app */,
				F01617D11BE1BB6D008582DC /* Midterm PracticeTests.xctest */,
			);
			name = Products;
			sourceTree = "<group>";
		};
		F01617BE1BE1BB6D008582DC /* Midterm Practice */ = {
			isa = PBXGroup;
			children = (
				F01617C11BE1BB6D008582DC /* AppDelegate.swift */,
				F01617C31BE1BB6D008582DC /* ViewController.swift */,
				F01617C51BE1BB6D008582DC /* Main.storyboard */,
				F01617C81BE1BB6D008582DC /* Images.xcassets */,
				F01617CA1BE1BB6D008582DC /* LaunchScreen.xib */,
				F01617BF1BE1BB6D008582DC /* Supporting Files */,
			);
			path = "Midterm Practice";
			sourceTree = "<group>";
		};
		F01617BF1BE1BB6D008582DC /* Supporting Files */ = {
			isa = PBXGroup;
			children = (
				F01617C01BE1BB6D008582DC /* Info.plist */,
			);
			name = "Supporting Files";
			sourceTree = "<group>";
		};
		F01617D41BE1BB6D008582DC /* Midterm PracticeTests */ = {
			isa = PBXGroup;
			children = (
				F01617D71BE1BB6D008582DC /* Midterm_PracticeTests.swift */,
				F01617D51BE1BB6D008582DC /* Supporting Files */,
			);
			path = "Midterm PracticeTests";
			sourceTree = "<group>";
		};
		F01617D51BE1BB6D008582DC /* Supporting Files */ = {
			isa = PBXGroup;
			children = (
				F01617D61BE1BB6D008582DC /* Info.plist */,
			);
			name = "Supporting Files";
			sourceTree = "<group>";
		};
/* End PBXGroup section */

/* Begin PBXNativeTarget section */
		F01617BB1BE1BB6D008582DC /* Midterm Practice */ = {
			isa = PBXNativeTarget;
			buildConfigurationList = F01617DB1BE1BB6D008582DC /* Build configuration list for PBXNativeTarget "Midterm Practice" */;
			buildPhases = (
				F01617B81BE1BB6D008582DC /* Sources */,
				F01617B91BE1BB6D008582DC /* Frameworks */,
				F01617BA1BE1BB6D008582DC /* Resources */,
			);
			buildRules = (
			);
			dependencies = (
			);
			name = "Midterm Practice";
			productName = "Midterm Practice";
			productReference = F01617BC1BE1BB6D008582DC /* Midterm Practice.app */;
			productType = "com.apple.product-type.application";
		};
		F01617D01BE1BB6D008582DC /* Midterm PracticeTests */ = {
			isa = PBXNativeTarget;
			buildConfigurationList = F01617DE1BE1BB6D008582DC /* Build configuration list for PBXNativeTarget "Midterm PracticeTests" */;
			buildPhases = (
				F01617CD1BE1BB6D008582DC /* Sources */,
				F01617CE1BE1BB6D008582DC /* Frameworks */,
				F01617CF1BE1BB6D008582DC /* Resources */,
			);
			buildRules = (
			);
			dependencies = (
				F01617D31BE1BB6D008582DC /* PBXTargetDependency */,
			);
			name = "Midterm PracticeTests";
			productName = "Midterm PracticeTests";
			productReference = F01617D11BE1BB6D008582DC /* Midterm PracticeTests.xctest */;
			productType = "com.apple.product-type.bundle.unit-test";
		};
/* End PBXNativeTarget section */

/* Begin PBXProject section */
		F01617B41BE1BB6D008582DC /* Project object */ = {
			isa = PBXProject;
			attributes = {
				LastUpgradeCheck = 0640;
				ORGANIZATIONNAME = "Matt Dickey";
				TargetAttributes = {
					F01617BB1BE1BB6D008582DC = {
						CreatedOnToolsVersion = 6.4;
					};
					F01617D01BE1BB6D008582DC = {
						CreatedOnToolsVersion = 6.4;
						TestTargetID = F01617BB1BE1BB6D008582DC;
					};
				};
			};
			buildConfigurationList = F01617B71BE1BB6D008582DC /* Build configuration list for PBXProject "Midterm Practice" */;
			compatibilityVersion = "Xcode 3.2";
			developmentRegion = English;
			hasScannedForEncodings = 0;
			knownRegions = (
				en,
				Base,
			);
			mainGroup = F01617B31BE1BB6D008582DC;
			productRefGroup = F01617BD1BE1BB6D008582DC /* Products */;
			projectDirPath = "";
			projectRoot = "";
			targets = (
				F01617BB1BE1BB6D008582DC /* Midterm Practice */,
				F01617D01BE1BB6D008582DC /* Midterm PracticeTests */,
			);
		};
/* End PBXProject section */

/* Begin PBXResourcesBuildPhase section */
		F01617BA1BE1BB6D008582DC /* Resources */ = {
			isa = PBXResourcesBuildPhase;
			buildActionMask = 2147483647;
			files = (
				F01617C71BE1BB6D008582DC /* Main.storyboard in Resources */,
				F01617CC1BE1BB6D008582DC /* LaunchScreen.xib in Resources */,
				F01617C91BE1BB6D008582DC /* Images.xcassets in Resources */,
			);
			runOnlyForDeploymentPostprocessing = 0;
		};
		F01617CF1BE1BB6D008582DC /* Resources */ = {
			isa = PBXResourcesBuildPhase;
			buildActionMask = 2147483647;
			files = (
			);
			runOnlyForDeploymentPostprocessing = 0;
		};
/* End PBXResourcesBuildPhase section */

/* Begin PBXSourcesBuildPhase section */
		F01617B81BE1BB6D008582DC /* Sources */ = {
			isa = PBXSourcesBuildPhase;
			buildActionMask = 2147483647;
			files = (
				F01617C41BE1BB6D008582DC /* ViewController.swift in Sources */,
				F01617C21BE1BB6D008582DC /* AppDelegate.swift in Sources */,
			);
			runOnlyForDeploymentPostprocessing = 0;
		};
		F01617CD1BE1BB6D008582DC /* Sources */ = {
			isa = PBXSourcesBuildPhase;
			buildActionMask = 2147483647;
			files = (
				F01617D81BE1BB6D008582DC /* Midterm_PracticeTests.swift in Sources */,
			);
			runOnlyForDeploymentPostprocessing = 0;
		};
/* End PBXSourcesBuildPhase section */

/* Begin PBXTargetDependency section */
		F01617D31BE1BB6D008582DC /* PBXTargetDependency */ = {
			isa = PBXTargetDependency;
			target = F01617BB1BE1BB6D008582DC /* Midterm Practice */;
			targetProxy = F01617D21BE1BB6D008582DC /* PBXContainerItemProxy */;
		};
/* End PBXTargetDependency section */

/* Begin PBXVariantGroup section */
		F01617C51BE1BB6D008582DC /* Main.storyboard */ = {
			isa = PBXVariantGroup;
			children = (
				F01617C61BE1BB6D008582DC /* Base */,
			);
			name = Main.storyboard;
			sourceTree = "<group>";
		};
		F01617CA1BE1BB6D008582DC /* LaunchScreen.xib */ = {
			isa = PBXVariantGroup;
			children = (
				F01617CB1BE1BB6D008582DC /* Base */,
			);
			name = LaunchScreen.xib;
			sourceTree = "<group>";
		};
/* End PBXVariantGroup section */

/* Begin XCBuildConfiguration section */
		F01617D91BE1BB6D008582DC /* Debug */ = {
			isa = XCBuildConfiguration;
			buildSettings = {
				ALWAYS_SEARCH_USER_PATHS = NO;
				CLANG_CXX_LANGUAGE_STANDARD = "gnu++0x";
				CLANG_CXX_LIBRARY = "libc++";
				CLANG_ENABLE_MODULES = YES;
				CLANG_ENABLE_OBJC_ARC = YES;
				CLANG_WARN_BOOL_CONVERSION = YES;
				CLANG_WARN_CONSTANT_CONVERSION = YES;
				CLANG_WARN_DIRECT_OBJC_ISA_USAGE = YES_ERROR;
				CLANG_WARN_EMPTY_BODY = YES;
				CLANG_WARN_ENUM_CONVERSION = YES;
				CLANG_WARN_INT_CONVERSION = YES;
				CLANG_WARN_OBJC_ROOT_CLASS = YES_ERROR;
				CLANG_WARN_UNREACHABLE_CODE = YES;
				CLANG_WARN__DUPLICATE_METHOD_MATCH = YES;
				"CODE_SIGN_IDENTITY[sdk=iphoneos*]" = "iPhone Developer";
				COPY_PHASE_STRIP = NO;
				DEBUG_INFORMATION_FORMAT = "dwarf-with-dsym";
				ENABLE_STRICT_OBJC_MSGSEND = YES;
				GCC_C_LANGUAGE_STANDARD = gnu99;
				GCC_DYNAMIC_NO_PIC = NO;
				GCC_NO_COMMON_BLOCKS = YES;
				GCC_OPTIMIZATION_LEVEL = 0;
				GCC_PREPROCESSOR_DEFINITIONS = (
					"DEBUG=1",
					"$(inherited)",
				);
				GCC_SYMBOLS_PRIVATE_EXTERN = NO;
				GCC_WARN_64_TO_32_BIT_CONVERSION = YES;
				GCC_WARN_ABOUT_RETURN_TYPE = YES_ERROR;
				GCC_WARN_UNDECLARED_SELECTOR = YES;
				GCC_WARN_UNINITIALIZED_AUTOS = YES_AGGRESSIVE;
				GCC_WARN_UNUSED_FUNCTION = YES;
				GCC_WARN_UNUSED_VARIABLE = YES;
				IPHONEOS_DEPLOYMENT_TARGET = 8.4;
				MTL_ENABLE_DEBUG_INFO = YES;
				ONLY_ACTIVE_ARCH = YES;
				SDKROOT = iphoneos;
				SWIFT_OPTIMIZATION_LEVEL = "-Onone";
				TARGETED_DEVICE_FAMILY = "1,2";
			};
			name = Debug;
		};
		F01617DA1BE1BB6D008582DC /* Release */ = {
			isa = XCBuildConfiguration;
			buildSettings = {
				ALWAYS_SEARCH_USER_PATHS = NO;
				CLANG_CXX_LANGUAGE_STANDARD = "gnu++0x";
				CLANG_CXX_LIBRARY = "libc++";
				CLANG_ENABLE_MODULES = YES;
				CLANG_ENABLE_OBJC_ARC = YES;
				CLANG_WARN_BOOL_CONVERSION = YES;
				CLANG_WARN_CONSTANT_CONVERSION = YES;
				CLANG_WARN_DIRECT_OBJC_ISA_USAGE = YES_ERROR;
				CLANG_WARN_EMPTY_BODY = YES;
				CLANG_WARN_ENUM_CONVERSION = YES;
				CLANG_WARN_INT_CONVERSION = YES;
				CLANG_WARN_OBJC_ROOT_CLASS = YES_ERROR;
				CLANG_WARN_UNREACHABLE_CODE = YES;
				CLANG_WARN__DUPLICATE_METHOD_MATCH = YES;
				"CODE_SIGN_IDENTITY[sdk=iphoneos*]" = "iPhone Developer";
				COPY_PHASE_STRIP = NO;
				DEBUG_INFORMATION_FORMAT = "dwarf-with-dsym";
				ENABLE_NS_ASSERTIONS = NO;
				ENABLE_STRICT_OBJC_MSGSEND = YES;
				GCC_C_LANGUAGE_STANDARD = gnu99;
				GCC_NO_COMMON_BLOCKS = YES;
				GCC_WARN_64_TO_32_BIT_CONVERSION = YES;
				GCC_WARN_ABOUT_RETURN_TYPE = YES_ERROR;
				GCC_WARN_UNDECLARED_SELECTOR = YES;
				GCC_WARN_UNINITIALIZED_AUTOS = YES_AGGRESSIVE;
				GCC_WARN_UNUSED_FUNCTION = YES;
				GCC_WARN_UNUSED_VARIABLE = YES;
				IPHONEOS_DEPLOYMENT_TARGET = 8.4;
				MTL_ENABLE_DEBUG_INFO = NO;
				SDKROOT = iphoneos;
				TARGETED_DEVICE_FAMILY = "1,2";
				VALIDATE_PRODUCT = YES;
			};
			name = Release;
		};
		F01617DC1BE1BB6D008582DC /* Debug */ = {
			isa = XCBuildConfiguration;
			buildSettings = {
				ASSETCATALOG_COMPILER_APPICON_NAME = AppIcon;
				INFOPLIST_FILE = "Midterm Practice/Info.plist";
				LD_RUNPATH_SEARCH_PATHS = "$(inherited) @executable_path/Frameworks";
				PRODUCT_NAME = "$(TARGET_NAME)";
			};
			name = Debug;
		};
		F01617DD1BE1BB6D008582DC /* Release */ = {
			isa = XCBuildConfiguration;
			buildSettings = {
				ASSETCATALOG_COMPILER_APPICON_NAME = AppIcon;
				INFOPLIST_FILE = "Midterm Practice/Info.plist";
				LD_RUNPATH_SEARCH_PATHS = "$(inherited) @executable_path/Frameworks";
				PRODUCT_NAME = "$(TARGET_NAME)";
			};
			name = Release;
		};
		F01617DF1BE1BB6D008582DC /* Debug */ = {
			isa = XCBuildConfiguration;
			buildSettings = {
				BUNDLE_LOADER = "$(TEST_HOST)";
				FRAMEWORK_SEARCH_PATHS = (
					"$(SDKROOT)/Developer/Library/Frameworks",
					"$(inherited)",
				);
				GCC_PREPROCESSOR_DEFINITIONS = (
					"DEBUG=1",
					"$(inherited)",
				);
				INFOPLIST_FILE = "Midterm PracticeTests/Info.plist";
				LD_RUNPATH_SEARCH_PATHS = "$(inherited) @executable_path/Frameworks @loader_path/Frameworks";
				PRODUCT_NAME = "$(TARGET_NAME)";
				TEST_HOST = "$(BUILT_PRODUCTS_DIR)/Midterm Practice.app/Midterm Practice";
			};
			name = Debug;
		};
		F01617E01BE1BB6D008582DC /* Release */ = {
			isa = XCBuildConfiguration;
			buildSettings = {
				BUNDLE_LOADER = "$(TEST_HOST)";
				FRAMEWORK_SEARCH_PATHS = (
					"$(SDKROOT)/Developer/Library/Frameworks",
					"$(inherited)",
				);
				INFOPLIST_FILE = "Midterm PracticeTests/Info.plist";
				LD_RUNPATH_SEARCH_PATHS = "$(inherited) @executable_path/Frameworks @loader_path/Frameworks";
				PRODUCT_NAME = "$(TARGET_NAME)";
				TEST_HOST = "$(BUILT_PRODUCTS_DIR)/Midterm Practice.app/Midterm Practice";
			};
			name = Release;
		};
/* End XCBuildConfiguration section */

/* Begin XCConfigurationList section */
		F01617B71BE1BB6D008582DC /* Build configuration list for PBXProject "Midterm Practice" */ = {
			isa = XCConfigurationList;
			buildConfigurations = (
				F01617D91BE1BB6D008582DC /* Debug */,
				F01617DA1BE1BB6D008582DC /* Release */,
			);
			defaultConfigurationIsVisible = 0;
			defaultConfigurationName = Release;
		};
		F01617DB1BE1BB6D008582DC /* Build configuration list for PBXNativeTarget "Midterm Practice" */ = {
			isa = XCConfigurationList;
			buildConfigurations = (
				F01617DC1BE1BB6D008582DC /* Debug */,
				F01617DD1BE1BB6D008582DC /* Release */,
			);
			defaultConfigurationIsVisible = 0;
		};
		F01617DE1BE1BB6D008582DC /* Build configuration list for PBXNativeTarget "Midterm PracticeTests" */ = {
			isa = XCConfigurationList;
			buildConfigurations = (
				F01617DF1BE1BB6D008582DC /* Debug */,
				F01617E01BE1BB6D008582DC /* Release */,
			);
			defaultConfigurationIsVisible = 0;
		};
/* End XCConfigurationList section */
	};
	rootObject = F01617B41BE1BB6D008582DC /* Project object */;
}
