// !$*UTF8*$!
{
	archiveVersion = 1;
	classes = {
	};
	objectVersion = 46;
	objects = {

/* Begin PBXBuildFile section */
		F058D1551BC6C78500BB28FE /* AppDelegate.swift in Sources */ = {isa = PBXBuildFile; fileRef = F058D1541BC6C78500BB28FE /* AppDelegate.swift */; };
		F058D1571BC6C78500BB28FE /* ViewController.swift in Sources */ = {isa = PBXBuildFile; fileRef = F058D1561BC6C78500BB28FE /* ViewController.swift */; };
		F058D15A1BC6C78500BB28FE /* Main.storyboard in Resources */ = {isa = PBXBuildFile; fileRef = F058D1581BC6C78500BB28FE /* Main.storyboard */; };
		F058D15C1BC6C78500BB28FE /* Images.xcassets in Resources */ = {isa = PBXBuildFile; fileRef = F058D15B1BC6C78500BB28FE /* Images.xcassets */; };
		F058D15F1BC6C78500BB28FE /* LaunchScreen.xib in Resources */ = {isa = PBXBuildFile; fileRef = F058D15D1BC6C78500BB28FE /* LaunchScreen.xib */; };
		F058D16B1BC6C78500BB28FE /* WatchTests.swift in Sources */ = {isa = PBXBuildFile; fileRef = F058D16A1BC6C78500BB28FE /* WatchTests.swift */; };
		F0DC2D771BCD590500B39708 /* functions.swift in Sources */ = {isa = PBXBuildFile; fileRef = F0DC2D761BCD590500B39708 /* functions.swift */; };
/* End PBXBuildFile section */

/* Begin PBXContainerItemProxy section */
		F058D1651BC6C78500BB28FE /* PBXContainerItemProxy */ = {
			isa = PBXContainerItemProxy;
			containerPortal = F058D1471BC6C78500BB28FE /* Project object */;
			proxyType = 1;
			remoteGlobalIDString = F058D14E1BC6C78500BB28FE;
			remoteInfo = Watch;
		};
/* End PBXContainerItemProxy section */

/* Begin PBXFileReference section */
		F058D14F1BC6C78500BB28FE /* Watch.app */ = {isa = PBXFileReference; explicitFileType = wrapper.application; includeInIndex = 0; path = Watch.app; sourceTree = BUILT_PRODUCTS_DIR; };
		F058D1531BC6C78500BB28FE /* Info.plist */ = {isa = PBXFileReference; lastKnownFileType = text.plist.xml; path = Info.plist; sourceTree = "<group>"; };
		F058D1541BC6C78500BB28FE /* AppDelegate.swift */ = {isa = PBXFileReference; lastKnownFileType = sourcecode.swift; path = AppDelegate.swift; sourceTree = "<group>"; };
		F058D1561BC6C78500BB28FE /* ViewController.swift */ = {isa = PBXFileReference; lastKnownFileType = sourcecode.swift; path = ViewController.swift; sourceTree = "<group>"; };
		F058D1591BC6C78500BB28FE /* Base */ = {isa = PBXFileReference; lastKnownFileType = file.storyboard; name = Base; path = Base.lproj/Main.storyboard; sourceTree = "<group>"; };
		F058D15B1BC6C78500BB28FE /* Images.xcassets */ = {isa = PBXFileReference; lastKnownFileType = folder.assetcatalog; path = Images.xcassets; sourceTree = "<group>"; };
		F058D15E1BC6C78500BB28FE /* Base */ = {isa = PBXFileReference; lastKnownFileType = file.xib; name = Base; path = Base.lproj/LaunchScreen.xib; sourceTree = "<group>"; };
		F058D1641BC6C78500BB28FE /* WatchTests.xctest */ = {isa = PBXFileReference; explicitFileType = wrapper.cfbundle; includeInIndex = 0; path = WatchTests.xctest; sourceTree = BUILT_PRODUCTS_DIR; };
		F058D1691BC6C78500BB28FE /* Info.plist */ = {isa = PBXFileReference; lastKnownFileType = text.plist.xml; path = Info.plist; sourceTree = "<group>"; };
		F058D16A1BC6C78500BB28FE /* WatchTests.swift */ = {isa = PBXFileReference; lastKnownFileType = sourcecode.swift; path = WatchTests.swift; sourceTree = "<group>"; };
		F0DC2D761BCD590500B39708 /* functions.swift */ = {isa = PBXFileReference; fileEncoding = 4; lastKnownFileType = sourcecode.swift; path = functions.swift; sourceTree = "<group>"; };
/* End PBXFileReference section */

/* Begin PBXFrameworksBuildPhase section */
		F058D14C1BC6C78500BB28FE /* Frameworks */ = {
			isa = PBXFrameworksBuildPhase;
			buildActionMask = 2147483647;
			files = (
			);
			runOnlyForDeploymentPostprocessing = 0;
		};
		F058D1611BC6C78500BB28FE /* Frameworks */ = {
			isa = PBXFrameworksBuildPhase;
			buildActionMask = 2147483647;
			files = (
			);
			runOnlyForDeploymentPostprocessing = 0;
		};
/* End PBXFrameworksBuildPhase section */

/* Begin PBXGroup section */
		F058D1461BC6C78500BB28FE = {
			isa = PBXGroup;
			children = (
				F058D1511BC6C78500BB28FE /* Watch */,
				F058D1671BC6C78500BB28FE /* WatchTests */,
				F058D1501BC6C78500BB28FE /* Products */,
			);
			sourceTree = "<group>";
		};
		F058D1501BC6C78500BB28FE /* Products */ = {
			isa = PBXGroup;
			children = (
				F058D14F1BC6C78500BB28FE /* Watch.app */,
				F058D1641BC6C78500BB28FE /* WatchTests.xctest */,
			);
			name = Products;
			sourceTree = "<group>";
		};
		F058D1511BC6C78500BB28FE /* Watch */ = {
			isa = PBXGroup;
			children = (
				F058D1541BC6C78500BB28FE /* AppDelegate.swift */,
				F058D1561BC6C78500BB28FE /* ViewController.swift */,
				F0DC2D761BCD590500B39708 /* functions.swift */,
				F058D1581BC6C78500BB28FE /* Main.storyboard */,
				F058D15B1BC6C78500BB28FE /* Images.xcassets */,
				F058D15D1BC6C78500BB28FE /* LaunchScreen.xib */,
				F058D1521BC6C78500BB28FE /* Supporting Files */,
			);
			path = Watch;
			sourceTree = "<group>";
		};
		F058D1521BC6C78500BB28FE /* Supporting Files */ = {
			isa = PBXGroup;
			children = (
				F058D1531BC6C78500BB28FE /* Info.plist */,
			);
			name = "Supporting Files";
			sourceTree = "<group>";
		};
		F058D1671BC6C78500BB28FE /* WatchTests */ = {
			isa = PBXGroup;
			children = (
				F058D16A1BC6C78500BB28FE /* WatchTests.swift */,
				F058D1681BC6C78500BB28FE /* Supporting Files */,
			);
			path = WatchTests;
			sourceTree = "<group>";
		};
		F058D1681BC6C78500BB28FE /* Supporting Files */ = {
			isa = PBXGroup;
			children = (
				F058D1691BC6C78500BB28FE /* Info.plist */,
			);
			name = "Supporting Files";
			sourceTree = "<group>";
		};
/* End PBXGroup section */

/* Begin PBXNativeTarget section */
		F058D14E1BC6C78500BB28FE /* Watch */ = {
			isa = PBXNativeTarget;
			buildConfigurationList = F058D16E1BC6C78500BB28FE /* Build configuration list for PBXNativeTarget "Watch" */;
			buildPhases = (
				F058D14B1BC6C78500BB28FE /* Sources */,
				F058D14C1BC6C78500BB28FE /* Frameworks */,
				F058D14D1BC6C78500BB28FE /* Resources */,
			);
			buildRules = (
			);
			dependencies = (
			);
			name = Watch;
			productName = Watch;
			productReference = F058D14F1BC6C78500BB28FE /* Watch.app */;
			productType = "com.apple.product-type.application";
		};
		F058D1631BC6C78500BB28FE /* WatchTests */ = {
			isa = PBXNativeTarget;
			buildConfigurationList = F058D1711BC6C78500BB28FE /* Build configuration list for PBXNativeTarget "WatchTests" */;
			buildPhases = (
				F058D1601BC6C78500BB28FE /* Sources */,
				F058D1611BC6C78500BB28FE /* Frameworks */,
				F058D1621BC6C78500BB28FE /* Resources */,
			);
			buildRules = (
			);
			dependencies = (
				F058D1661BC6C78500BB28FE /* PBXTargetDependency */,
			);
			name = WatchTests;
			productName = WatchTests;
			productReference = F058D1641BC6C78500BB28FE /* WatchTests.xctest */;
			productType = "com.apple.product-type.bundle.unit-test";
		};
/* End PBXNativeTarget section */

/* Begin PBXProject section */
		F058D1471BC6C78500BB28FE /* Project object */ = {
			isa = PBXProject;
			attributes = {
				LastUpgradeCheck = 0640;
				ORGANIZATIONNAME = "Matt Dickey";
				TargetAttributes = {
					F058D14E1BC6C78500BB28FE = {
						CreatedOnToolsVersion = 6.4;
						DevelopmentTeam = 32C86W6J58;
					};
					F058D1631BC6C78500BB28FE = {
						CreatedOnToolsVersion = 6.4;
						TestTargetID = F058D14E1BC6C78500BB28FE;
					};
				};
			};
			buildConfigurationList = F058D14A1BC6C78500BB28FE /* Build configuration list for PBXProject "Watch" */;
			compatibilityVersion = "Xcode 3.2";
			developmentRegion = English;
			hasScannedForEncodings = 0;
			knownRegions = (
				en,
				Base,
			);
			mainGroup = F058D1461BC6C78500BB28FE;
			productRefGroup = F058D1501BC6C78500BB28FE /* Products */;
			projectDirPath = "";
			projectRoot = "";
			targets = (
				F058D14E1BC6C78500BB28FE /* Watch */,
				F058D1631BC6C78500BB28FE /* WatchTests */,
			);
		};
/* End PBXProject section */

/* Begin PBXResourcesBuildPhase section */
		F058D14D1BC6C78500BB28FE /* Resources */ = {
			isa = PBXResourcesBuildPhase;
			buildActionMask = 2147483647;
			files = (
				F058D15A1BC6C78500BB28FE /* Main.storyboard in Resources */,
				F058D15F1BC6C78500BB28FE /* LaunchScreen.xib in Resources */,
				F058D15C1BC6C78500BB28FE /* Images.xcassets in Resources */,
			);
			runOnlyForDeploymentPostprocessing = 0;
		};
		F058D1621BC6C78500BB28FE /* Resources */ = {
			isa = PBXResourcesBuildPhase;
			buildActionMask = 2147483647;
			files = (
			);
			runOnlyForDeploymentPostprocessing = 0;
		};
/* End PBXResourcesBuildPhase section */

/* Begin PBXSourcesBuildPhase section */
		F058D14B1BC6C78500BB28FE /* Sources */ = {
			isa = PBXSourcesBuildPhase;
			buildActionMask = 2147483647;
			files = (
				F058D1571BC6C78500BB28FE /* ViewController.swift in Sources */,
				F058D1551BC6C78500BB28FE /* AppDelegate.swift in Sources */,
				F0DC2D771BCD590500B39708 /* functions.swift in Sources */,
			);
			runOnlyForDeploymentPostprocessing = 0;
		};
		F058D1601BC6C78500BB28FE /* Sources */ = {
			isa = PBXSourcesBuildPhase;
			buildActionMask = 2147483647;
			files = (
				F058D16B1BC6C78500BB28FE /* WatchTests.swift in Sources */,
			);
			runOnlyForDeploymentPostprocessing = 0;
		};
/* End PBXSourcesBuildPhase section */

/* Begin PBXTargetDependency section */
		F058D1661BC6C78500BB28FE /* PBXTargetDependency */ = {
			isa = PBXTargetDependency;
			target = F058D14E1BC6C78500BB28FE /* Watch */;
			targetProxy = F058D1651BC6C78500BB28FE /* PBXContainerItemProxy */;
		};
/* End PBXTargetDependency section */

/* Begin PBXVariantGroup section */
		F058D1581BC6C78500BB28FE /* Main.storyboard */ = {
			isa = PBXVariantGroup;
			children = (
				F058D1591BC6C78500BB28FE /* Base */,
			);
			name = Main.storyboard;
			sourceTree = "<group>";
		};
		F058D15D1BC6C78500BB28FE /* LaunchScreen.xib */ = {
			isa = PBXVariantGroup;
			children = (
				F058D15E1BC6C78500BB28FE /* Base */,
			);
			name = LaunchScreen.xib;
			sourceTree = "<group>";
		};
/* End PBXVariantGroup section */

/* Begin XCBuildConfiguration section */
		F058D16C1BC6C78500BB28FE /* Debug */ = {
			isa = XCBuildConfiguration;
			buildSettings = {
				ALWAYS_SEARCH_USER_PATHS = NO;
				CLANG_CXX_LANGUAGE_STANDARD = "gnu++0x";
				CLANG_CXX_LIBRARY = "libc++";
				CLANG_ENABLE_MODULES = YES;
				CLANG_ENABLE_OBJC_ARC = YES;
				CLANG_WARN_BOOL_CONVERSION = YES;
				CLANG_WARN_CONSTANT_CONVERSION = YES;
				CLANG_WARN_DIRECT_OBJC_ISA_USAGE = YES_ERROR;
				CLANG_WARN_EMPTY_BODY = YES;
				CLANG_WARN_ENUM_CONVERSION = YES;
				CLANG_WARN_INT_CONVERSION = YES;
				CLANG_WARN_OBJC_ROOT_CLASS = YES_ERROR;
				CLANG_WARN_UNREACHABLE_CODE = YES;
				CLANG_WARN__DUPLICATE_METHOD_MATCH = YES;
				"CODE_SIGN_IDENTITY[sdk=iphoneos*]" = "iPhone Developer";
				COPY_PHASE_STRIP = NO;
				DEBUG_INFORMATION_FORMAT = "dwarf-with-dsym";
				ENABLE_STRICT_OBJC_MSGSEND = YES;
				GCC_C_LANGUAGE_STANDARD = gnu99;
				GCC_DYNAMIC_NO_PIC = NO;
				GCC_NO_COMMON_BLOCKS = YES;
				GCC_OPTIMIZATION_LEVEL = 0;
				GCC_PREPROCESSOR_DEFINITIONS = (
					"DEBUG=1",
					"$(inherited)",
				);
				GCC_SYMBOLS_PRIVATE_EXTERN = NO;
				GCC_WARN_64_TO_32_BIT_CONVERSION = YES;
				GCC_WARN_ABOUT_RETURN_TYPE = YES_ERROR;
				GCC_WARN_UNDECLARED_SELECTOR = YES;
				GCC_WARN_UNINITIALIZED_AUTOS = YES_AGGRESSIVE;
				GCC_WARN_UNUSED_FUNCTION = YES;
				GCC_WARN_UNUSED_VARIABLE = YES;
				IPHONEOS_DEPLOYMENT_TARGET = 8.4;
				MTL_ENABLE_DEBUG_INFO = YES;
				ONLY_ACTIVE_ARCH = YES;
				SDKROOT = iphoneos;
				SWIFT_OPTIMIZATION_LEVEL = "-Onone";
			};
			name = Debug;
		};
		F058D16D1BC6C78500BB28FE /* Release */ = {
			isa = XCBuildConfiguration;
			buildSettings = {
				ALWAYS_SEARCH_USER_PATHS = NO;
				CLANG_CXX_LANGUAGE_STANDARD = "gnu++0x";
				CLANG_CXX_LIBRARY = "libc++";
				CLANG_ENABLE_MODULES = YES;
				CLANG_ENABLE_OBJC_ARC = YES;
				CLANG_WARN_BOOL_CONVERSION = YES;
				CLANG_WARN_CONSTANT_CONVERSION = YES;
				CLANG_WARN_DIRECT_OBJC_ISA_USAGE = YES_ERROR;
				CLANG_WARN_EMPTY_BODY = YES;
				CLANG_WARN_ENUM_CONVERSION = YES;
				CLANG_WARN_INT_CONVERSION = YES;
				CLANG_WARN_OBJC_ROOT_CLASS = YES_ERROR;
				CLANG_WARN_UNREACHABLE_CODE = YES;
				CLANG_WARN__DUPLICATE_METHOD_MATCH = YES;
				"CODE_SIGN_IDENTITY[sdk=iphoneos*]" = "iPhone Developer";
				COPY_PHASE_STRIP = NO;
				DEBUG_INFORMATION_FORMAT = "dwarf-with-dsym";
				ENABLE_NS_ASSERTIONS = NO;
				ENABLE_STRICT_OBJC_MSGSEND = YES;
				GCC_C_LANGUAGE_STANDARD = gnu99;
				GCC_NO_COMMON_BLOCKS = YES;
				GCC_WARN_64_TO_32_BIT_CONVERSION = YES;
				GCC_WARN_ABOUT_RETURN_TYPE = YES_ERROR;
				GCC_WARN_UNDECLARED_SELECTOR = YES;
				GCC_WARN_UNINITIALIZED_AUTOS = YES_AGGRESSIVE;
				GCC_WARN_UNUSED_FUNCTION = YES;
				GCC_WARN_UNUSED_VARIABLE = YES;
				IPHONEOS_DEPLOYMENT_TARGET = 8.4;
				MTL_ENABLE_DEBUG_INFO = NO;
				SDKROOT = iphoneos;
				VALIDATE_PRODUCT = YES;
			};
			name = Release;
		};
		F058D16F1BC6C78500BB28FE /* Debug */ = {
			isa = XCBuildConfiguration;
			buildSettings = {
				ASSETCATALOG_COMPILER_APPICON_NAME = AppIcon;
				CODE_SIGN_IDENTITY = "iPhone Developer";
				INFOPLIST_FILE = Watch/Info.plist;
				LD_RUNPATH_SEARCH_PATHS = "$(inherited) @executable_path/Frameworks";
				PRODUCT_NAME = "$(TARGET_NAME)";
			};
			name = Debug;
		};
		F058D1701BC6C78500BB28FE /* Release */ = {
			isa = XCBuildConfiguration;
			buildSettings = {
				ASSETCATALOG_COMPILER_APPICON_NAME = AppIcon;
				CODE_SIGN_IDENTITY = "iPhone Developer";
				INFOPLIST_FILE = Watch/Info.plist;
				LD_RUNPATH_SEARCH_PATHS = "$(inherited) @executable_path/Frameworks";
				PRODUCT_NAME = "$(TARGET_NAME)";
			};
			name = Release;
		};
		F058D1721BC6C78500BB28FE /* Debug */ = {
			isa = XCBuildConfiguration;
			buildSettings = {
				BUNDLE_LOADER = "$(TEST_HOST)";
				FRAMEWORK_SEARCH_PATHS = (
					"$(SDKROOT)/Developer/Library/Frameworks",
					"$(inherited)",
				);
				GCC_PREPROCESSOR_DEFINITIONS = (
					"DEBUG=1",
					"$(inherited)",
				);
				INFOPLIST_FILE = WatchTests/Info.plist;
				LD_RUNPATH_SEARCH_PATHS = "$(inherited) @executable_path/Frameworks @loader_path/Frameworks";
				PRODUCT_NAME = "$(TARGET_NAME)";
				TEST_HOST = "$(BUILT_PRODUCTS_DIR)/Watch.app/Watch";
			};
			name = Debug;
		};
		F058D1731BC6C78500BB28FE /* Release */ = {
			isa = XCBuildConfiguration;
			buildSettings = {
				BUNDLE_LOADER = "$(TEST_HOST)";
				FRAMEWORK_SEARCH_PATHS = (
					"$(SDKROOT)/Developer/Library/Frameworks",
					"$(inherited)",
				);
				INFOPLIST_FILE = WatchTests/Info.plist;
				LD_RUNPATH_SEARCH_PATHS = "$(inherited) @executable_path/Frameworks @loader_path/Frameworks";
				PRODUCT_NAME = "$(TARGET_NAME)";
				TEST_HOST = "$(BUILT_PRODUCTS_DIR)/Watch.app/Watch";
			};
			name = Release;
		};
/* End XCBuildConfiguration section */

/* Begin XCConfigurationList section */
		F058D14A1BC6C78500BB28FE /* Build configuration list for PBXProject "Watch" */ = {
			isa = XCConfigurationList;
			buildConfigurations = (
				F058D16C1BC6C78500BB28FE /* Debug */,
				F058D16D1BC6C78500BB28FE /* Release */,
			);
			defaultConfigurationIsVisible = 0;
			defaultConfigurationName = Release;
		};
		F058D16E1BC6C78500BB28FE /* Build configuration list for PBXNativeTarget "Watch" */ = {
			isa = XCConfigurationList;
			buildConfigurations = (
				F058D16F1BC6C78500BB28FE /* Debug */,
				F058D1701BC6C78500BB28FE /* Release */,
			);
			defaultConfigurationIsVisible = 0;
			defaultConfigurationName = Release;
		};
		F058D1711BC6C78500BB28FE /* Build configuration list for PBXNativeTarget "WatchTests" */ = {
			isa = XCConfigurationList;
			buildConfigurations = (
				F058D1721BC6C78500BB28FE /* Debug */,
				F058D1731BC6C78500BB28FE /* Release */,
			);
			defaultConfigurationIsVisible = 0;
			defaultConfigurationName = Release;
		};
/* End XCConfigurationList section */
	};
	rootObject = F058D1471BC6C78500BB28FE /* Project object */;
}
