// !$*UTF8*$!
{
	archiveVersion = 1;
	classes = {
	};
	objectVersion = 46;
	objects = {

/* Begin PBXBuildFile section */
		F01CC92E1BCD765900A4F107 /* AppDelegate.swift in Sources */ = {isa = PBXBuildFile; fileRef = F01CC92D1BCD765900A4F107 /* AppDelegate.swift */; };
		F01CC9301BCD765900A4F107 /* ViewController.swift in Sources */ = {isa = PBXBuildFile; fileRef = F01CC92F1BCD765900A4F107 /* ViewController.swift */; };
		F01CC9331BCD765900A4F107 /* Main.storyboard in Resources */ = {isa = PBXBuildFile; fileRef = F01CC9311BCD765900A4F107 /* Main.storyboard */; };
		F01CC9351BCD765900A4F107 /* Images.xcassets in Resources */ = {isa = PBXBuildFile; fileRef = F01CC9341BCD765900A4F107 /* Images.xcassets */; };
		F01CC9381BCD765A00A4F107 /* LaunchScreen.xib in Resources */ = {isa = PBXBuildFile; fileRef = F01CC9361BCD765A00A4F107 /* LaunchScreen.xib */; };
		F01CC9441BCD765A00A4F107 /* PunpkinTests.swift in Sources */ = {isa = PBXBuildFile; fileRef = F01CC9431BCD765A00A4F107 /* PunpkinTests.swift */; };
/* End PBXBuildFile section */

/* Begin PBXContainerItemProxy section */
		F01CC93E1BCD765A00A4F107 /* PBXContainerItemProxy */ = {
			isa = PBXContainerItemProxy;
			containerPortal = F01CC9201BCD765900A4F107 /* Project object */;
			proxyType = 1;
			remoteGlobalIDString = F01CC9271BCD765900A4F107;
			remoteInfo = Punpkin;
		};
/* End PBXContainerItemProxy section */

/* Begin PBXFileReference section */
		F01CC9281BCD765900A4F107 /* Punpkin.app */ = {isa = PBXFileReference; explicitFileType = wrapper.application; includeInIndex = 0; path = Punpkin.app; sourceTree = BUILT_PRODUCTS_DIR; };
		F01CC92C1BCD765900A4F107 /* Info.plist */ = {isa = PBXFileReference; lastKnownFileType = text.plist.xml; path = Info.plist; sourceTree = "<group>"; };
		F01CC92D1BCD765900A4F107 /* AppDelegate.swift */ = {isa = PBXFileReference; lastKnownFileType = sourcecode.swift; path = AppDelegate.swift; sourceTree = "<group>"; };
		F01CC92F1BCD765900A4F107 /* ViewController.swift */ = {isa = PBXFileReference; lastKnownFileType = sourcecode.swift; path = ViewController.swift; sourceTree = "<group>"; };
		F01CC9321BCD765900A4F107 /* Base */ = {isa = PBXFileReference; lastKnownFileType = file.storyboard; name = Base; path = Base.lproj/Main.storyboard; sourceTree = "<group>"; };
		F01CC9341BCD765900A4F107 /* Images.xcassets */ = {isa = PBXFileReference; lastKnownFileType = folder.assetcatalog; path = Images.xcassets; sourceTree = "<group>"; };
		F01CC9371BCD765A00A4F107 /* Base */ = {isa = PBXFileReference; lastKnownFileType = file.xib; name = Base; path = Base.lproj/LaunchScreen.xib; sourceTree = "<group>"; };
		F01CC93D1BCD765A00A4F107 /* PunpkinTests.xctest */ = {isa = PBXFileReference; explicitFileType = wrapper.cfbundle; includeInIndex = 0; path = PunpkinTests.xctest; sourceTree = BUILT_PRODUCTS_DIR; };
		F01CC9421BCD765A00A4F107 /* Info.plist */ = {isa = PBXFileReference; lastKnownFileType = text.plist.xml; path = Info.plist; sourceTree = "<group>"; };
		F01CC9431BCD765A00A4F107 /* PunpkinTests.swift */ = {isa = PBXFileReference; lastKnownFileType = sourcecode.swift; path = PunpkinTests.swift; sourceTree = "<group>"; };
/* End PBXFileReference section */

/* Begin PBXFrameworksBuildPhase section */
		F01CC9251BCD765900A4F107 /* Frameworks */ = {
			isa = PBXFrameworksBuildPhase;
			buildActionMask = 2147483647;
			files = (
			);
			runOnlyForDeploymentPostprocessing = 0;
		};
		F01CC93A1BCD765A00A4F107 /* Frameworks */ = {
			isa = PBXFrameworksBuildPhase;
			buildActionMask = 2147483647;
			files = (
			);
			runOnlyForDeploymentPostprocessing = 0;
		};
/* End PBXFrameworksBuildPhase section */

/* Begin PBXGroup section */
		F01CC91F1BCD765900A4F107 = {
			isa = PBXGroup;
			children = (
				F01CC92A1BCD765900A4F107 /* Punpkin */,
				F01CC9401BCD765A00A4F107 /* PunpkinTests */,
				F01CC9291BCD765900A4F107 /* Products */,
			);
			sourceTree = "<group>";
		};
		F01CC9291BCD765900A4F107 /* Products */ = {
			isa = PBXGroup;
			children = (
				F01CC9281BCD765900A4F107 /* Punpkin.app */,
				F01CC93D1BCD765A00A4F107 /* PunpkinTests.xctest */,
			);
			name = Products;
			sourceTree = "<group>";
		};
		F01CC92A1BCD765900A4F107 /* Punpkin */ = {
			isa = PBXGroup;
			children = (
				F01CC92D1BCD765900A4F107 /* AppDelegate.swift */,
				F01CC92F1BCD765900A4F107 /* ViewController.swift */,
				F01CC9311BCD765900A4F107 /* Main.storyboard */,
				F01CC9341BCD765900A4F107 /* Images.xcassets */,
				F01CC9361BCD765A00A4F107 /* LaunchScreen.xib */,
				F01CC92B1BCD765900A4F107 /* Supporting Files */,
			);
			path = Punpkin;
			sourceTree = "<group>";
		};
		F01CC92B1BCD765900A4F107 /* Supporting Files */ = {
			isa = PBXGroup;
			children = (
				F01CC92C1BCD765900A4F107 /* Info.plist */,
			);
			name = "Supporting Files";
			sourceTree = "<group>";
		};
		F01CC9401BCD765A00A4F107 /* PunpkinTests */ = {
			isa = PBXGroup;
			children = (
				F01CC9431BCD765A00A4F107 /* PunpkinTests.swift */,
				F01CC9411BCD765A00A4F107 /* Supporting Files */,
			);
			path = PunpkinTests;
			sourceTree = "<group>";
		};
		F01CC9411BCD765A00A4F107 /* Supporting Files */ = {
			isa = PBXGroup;
			children = (
				F01CC9421BCD765A00A4F107 /* Info.plist */,
			);
			name = "Supporting Files";
			sourceTree = "<group>";
		};
/* End PBXGroup section */

/* Begin PBXNativeTarget section */
		F01CC9271BCD765900A4F107 /* Punpkin */ = {
			isa = PBXNativeTarget;
			buildConfigurationList = F01CC9471BCD765A00A4F107 /* Build configuration list for PBXNativeTarget "Punpkin" */;
			buildPhases = (
				F01CC9241BCD765900A4F107 /* Sources */,
				F01CC9251BCD765900A4F107 /* Frameworks */,
				F01CC9261BCD765900A4F107 /* Resources */,
			);
			buildRules = (
			);
			dependencies = (
			);
			name = Punpkin;
			productName = Punpkin;
			productReference = F01CC9281BCD765900A4F107 /* Punpkin.app */;
			productType = "com.apple.product-type.application";
		};
		F01CC93C1BCD765A00A4F107 /* PunpkinTests */ = {
			isa = PBXNativeTarget;
			buildConfigurationList = F01CC94A1BCD765A00A4F107 /* Build configuration list for PBXNativeTarget "PunpkinTests" */;
			buildPhases = (
				F01CC9391BCD765A00A4F107 /* Sources */,
				F01CC93A1BCD765A00A4F107 /* Frameworks */,
				F01CC93B1BCD765A00A4F107 /* Resources */,
			);
			buildRules = (
			);
			dependencies = (
				F01CC93F1BCD765A00A4F107 /* PBXTargetDependency */,
			);
			name = PunpkinTests;
			productName = PunpkinTests;
			productReference = F01CC93D1BCD765A00A4F107 /* PunpkinTests.xctest */;
			productType = "com.apple.product-type.bundle.unit-test";
		};
/* End PBXNativeTarget section */

/* Begin PBXProject section */
		F01CC9201BCD765900A4F107 /* Project object */ = {
			isa = PBXProject;
			attributes = {
				LastUpgradeCheck = 0640;
				ORGANIZATIONNAME = "Matt Dickey";
				TargetAttributes = {
					F01CC9271BCD765900A4F107 = {
						CreatedOnToolsVersion = 6.4;
					};
					F01CC93C1BCD765A00A4F107 = {
						CreatedOnToolsVersion = 6.4;
						TestTargetID = F01CC9271BCD765900A4F107;
					};
				};
			};
			buildConfigurationList = F01CC9231BCD765900A4F107 /* Build configuration list for PBXProject "Punpkin" */;
			compatibilityVersion = "Xcode 3.2";
			developmentRegion = English;
			hasScannedForEncodings = 0;
			knownRegions = (
				en,
				Base,
			);
			mainGroup = F01CC91F1BCD765900A4F107;
			productRefGroup = F01CC9291BCD765900A4F107 /* Products */;
			projectDirPath = "";
			projectRoot = "";
			targets = (
				F01CC9271BCD765900A4F107 /* Punpkin */,
				F01CC93C1BCD765A00A4F107 /* PunpkinTests */,
			);
		};
/* End PBXProject section */

/* Begin PBXResourcesBuildPhase section */
		F01CC9261BCD765900A4F107 /* Resources */ = {
			isa = PBXResourcesBuildPhase;
			buildActionMask = 2147483647;
			files = (
				F01CC9331BCD765900A4F107 /* Main.storyboard in Resources */,
				F01CC9381BCD765A00A4F107 /* LaunchScreen.xib in Resources */,
				F01CC9351BCD765900A4F107 /* Images.xcassets in Resources */,
			);
			runOnlyForDeploymentPostprocessing = 0;
		};
		F01CC93B1BCD765A00A4F107 /* Resources */ = {
			isa = PBXResourcesBuildPhase;
			buildActionMask = 2147483647;
			files = (
			);
			runOnlyForDeploymentPostprocessing = 0;
		};
/* End PBXResourcesBuildPhase section */

/* Begin PBXSourcesBuildPhase section */
		F01CC9241BCD765900A4F107 /* Sources */ = {
			isa = PBXSourcesBuildPhase;
			buildActionMask = 2147483647;
			files = (
				F01CC9301BCD765900A4F107 /* ViewController.swift in Sources */,
				F01CC92E1BCD765900A4F107 /* AppDelegate.swift in Sources */,
			);
			runOnlyForDeploymentPostprocessing = 0;
		};
		F01CC9391BCD765A00A4F107 /* Sources */ = {
			isa = PBXSourcesBuildPhase;
			buildActionMask = 2147483647;
			files = (
				F01CC9441BCD765A00A4F107 /* PunpkinTests.swift in Sources */,
			);
			runOnlyForDeploymentPostprocessing = 0;
		};
/* End PBXSourcesBuildPhase section */

/* Begin PBXTargetDependency section */
		F01CC93F1BCD765A00A4F107 /* PBXTargetDependency */ = {
			isa = PBXTargetDependency;
			target = F01CC9271BCD765900A4F107 /* Punpkin */;
			targetProxy = F01CC93E1BCD765A00A4F107 /* PBXContainerItemProxy */;
		};
/* End PBXTargetDependency section */

/* Begin PBXVariantGroup section */
		F01CC9311BCD765900A4F107 /* Main.storyboard */ = {
			isa = PBXVariantGroup;
			children = (
				F01CC9321BCD765900A4F107 /* Base */,
			);
			name = Main.storyboard;
			sourceTree = "<group>";
		};
		F01CC9361BCD765A00A4F107 /* LaunchScreen.xib */ = {
			isa = PBXVariantGroup;
			children = (
				F01CC9371BCD765A00A4F107 /* Base */,
			);
			name = LaunchScreen.xib;
			sourceTree = "<group>";
		};
/* End PBXVariantGroup section */

/* Begin XCBuildConfiguration section */
		F01CC9451BCD765A00A4F107 /* Debug */ = {
			isa = XCBuildConfiguration;
			buildSettings = {
				ALWAYS_SEARCH_USER_PATHS = NO;
				CLANG_CXX_LANGUAGE_STANDARD = "gnu++0x";
				CLANG_CXX_LIBRARY = "libc++";
				CLANG_ENABLE_MODULES = YES;
				CLANG_ENABLE_OBJC_ARC = YES;
				CLANG_WARN_BOOL_CONVERSION = YES;
				CLANG_WARN_CONSTANT_CONVERSION = YES;
				CLANG_WARN_DIRECT_OBJC_ISA_USAGE = YES_ERROR;
				CLANG_WARN_EMPTY_BODY = YES;
				CLANG_WARN_ENUM_CONVERSION = YES;
				CLANG_WARN_INT_CONVERSION = YES;
				CLANG_WARN_OBJC_ROOT_CLASS = YES_ERROR;
				CLANG_WARN_UNREACHABLE_CODE = YES;
				CLANG_WARN__DUPLICATE_METHOD_MATCH = YES;
				"CODE_SIGN_IDENTITY[sdk=iphoneos*]" = "iPhone Developer";
				COPY_PHASE_STRIP = NO;
				DEBUG_INFORMATION_FORMAT = "dwarf-with-dsym";
				ENABLE_STRICT_OBJC_MSGSEND = YES;
				GCC_C_LANGUAGE_STANDARD = gnu99;
				GCC_DYNAMIC_NO_PIC = NO;
				GCC_NO_COMMON_BLOCKS = YES;
				GCC_OPTIMIZATION_LEVEL = 0;
				GCC_PREPROCESSOR_DEFINITIONS = (
					"DEBUG=1",
					"$(inherited)",
				);
				GCC_SYMBOLS_PRIVATE_EXTERN = NO;
				GCC_WARN_64_TO_32_BIT_CONVERSION = YES;
				GCC_WARN_ABOUT_RETURN_TYPE = YES_ERROR;
				GCC_WARN_UNDECLARED_SELECTOR = YES;
				GCC_WARN_UNINITIALIZED_AUTOS = YES_AGGRESSIVE;
				GCC_WARN_UNUSED_FUNCTION = YES;
				GCC_WARN_UNUSED_VARIABLE = YES;
				IPHONEOS_DEPLOYMENT_TARGET = 8.4;
				MTL_ENABLE_DEBUG_INFO = YES;
				ONLY_ACTIVE_ARCH = YES;
				SDKROOT = iphoneos;
				SWIFT_OPTIMIZATION_LEVEL = "-Onone";
			};
			name = Debug;
		};
		F01CC9461BCD765A00A4F107 /* Release */ = {
			isa = XCBuildConfiguration;
			buildSettings = {
				ALWAYS_SEARCH_USER_PATHS = NO;
				CLANG_CXX_LANGUAGE_STANDARD = "gnu++0x";
				CLANG_CXX_LIBRARY = "libc++";
				CLANG_ENABLE_MODULES = YES;
				CLANG_ENABLE_OBJC_ARC = YES;
				CLANG_WARN_BOOL_CONVERSION = YES;
				CLANG_WARN_CONSTANT_CONVERSION = YES;
				CLANG_WARN_DIRECT_OBJC_ISA_USAGE = YES_ERROR;
				CLANG_WARN_EMPTY_BODY = YES;
				CLANG_WARN_ENUM_CONVERSION = YES;
				CLANG_WARN_INT_CONVERSION = YES;
				CLANG_WARN_OBJC_ROOT_CLASS = YES_ERROR;
				CLANG_WARN_UNREACHABLE_CODE = YES;
				CLANG_WARN__DUPLICATE_METHOD_MATCH = YES;
				"CODE_SIGN_IDENTITY[sdk=iphoneos*]" = "iPhone Developer";
				COPY_PHASE_STRIP = NO;
				DEBUG_INFORMATION_FORMAT = "dwarf-with-dsym";
				ENABLE_NS_ASSERTIONS = NO;
				ENABLE_STRICT_OBJC_MSGSEND = YES;
				GCC_C_LANGUAGE_STANDARD = gnu99;
				GCC_NO_COMMON_BLOCKS = YES;
				GCC_WARN_64_TO_32_BIT_CONVERSION = YES;
				GCC_WARN_ABOUT_RETURN_TYPE = YES_ERROR;
				GCC_WARN_UNDECLARED_SELECTOR = YES;
				GCC_WARN_UNINITIALIZED_AUTOS = YES_AGGRESSIVE;
				GCC_WARN_UNUSED_FUNCTION = YES;
				GCC_WARN_UNUSED_VARIABLE = YES;
				IPHONEOS_DEPLOYMENT_TARGET = 8.4;
				MTL_ENABLE_DEBUG_INFO = NO;
				SDKROOT = iphoneos;
				VALIDATE_PRODUCT = YES;
			};
			name = Release;
		};
		F01CC9481BCD765A00A4F107 /* Debug */ = {
			isa = XCBuildConfiguration;
			buildSettings = {
				ASSETCATALOG_COMPILER_APPICON_NAME = AppIcon;
				INFOPLIST_FILE = Punpkin/Info.plist;
				LD_RUNPATH_SEARCH_PATHS = "$(inherited) @executable_path/Frameworks";
				PRODUCT_NAME = "$(TARGET_NAME)";
			};
			name = Debug;
		};
		F01CC9491BCD765A00A4F107 /* Release */ = {
			isa = XCBuildConfiguration;
			buildSettings = {
				ASSETCATALOG_COMPILER_APPICON_NAME = AppIcon;
				INFOPLIST_FILE = Punpkin/Info.plist;
				LD_RUNPATH_SEARCH_PATHS = "$(inherited) @executable_path/Frameworks";
				PRODUCT_NAME = "$(TARGET_NAME)";
			};
			name = Release;
		};
		F01CC94B1BCD765A00A4F107 /* Debug */ = {
			isa = XCBuildConfiguration;
			buildSettings = {
				BUNDLE_LOADER = "$(TEST_HOST)";
				FRAMEWORK_SEARCH_PATHS = (
					"$(SDKROOT)/Developer/Library/Frameworks",
					"$(inherited)",
				);
				GCC_PREPROCESSOR_DEFINITIONS = (
					"DEBUG=1",
					"$(inherited)",
				);
				INFOPLIST_FILE = PunpkinTests/Info.plist;
				LD_RUNPATH_SEARCH_PATHS = "$(inherited) @executable_path/Frameworks @loader_path/Frameworks";
				PRODUCT_NAME = "$(TARGET_NAME)";
				TEST_HOST = "$(BUILT_PRODUCTS_DIR)/Punpkin.app/Punpkin";
			};
			name = Debug;
		};
		F01CC94C1BCD765A00A4F107 /* Release */ = {
			isa = XCBuildConfiguration;
			buildSettings = {
				BUNDLE_LOADER = "$(TEST_HOST)";
				FRAMEWORK_SEARCH_PATHS = (
					"$(SDKROOT)/Developer/Library/Frameworks",
					"$(inherited)",
				);
				INFOPLIST_FILE = PunpkinTests/Info.plist;
				LD_RUNPATH_SEARCH_PATHS = "$(inherited) @executable_path/Frameworks @loader_path/Frameworks";
				PRODUCT_NAME = "$(TARGET_NAME)";
				TEST_HOST = "$(BUILT_PRODUCTS_DIR)/Punpkin.app/Punpkin";
			};
			name = Release;
		};
/* End XCBuildConfiguration section */

/* Begin XCConfigurationList section */
		F01CC9231BCD765900A4F107 /* Build configuration list for PBXProject "Punpkin" */ = {
			isa = XCConfigurationList;
			buildConfigurations = (
				F01CC9451BCD765A00A4F107 /* Debug */,
				F01CC9461BCD765A00A4F107 /* Release */,
			);
			defaultConfigurationIsVisible = 0;
			defaultConfigurationName = Release;
		};
		F01CC9471BCD765A00A4F107 /* Build configuration list for PBXNativeTarget "Punpkin" */ = {
			isa = XCConfigurationList;
			buildConfigurations = (
				F01CC9481BCD765A00A4F107 /* Debug */,
				F01CC9491BCD765A00A4F107 /* Release */,
			);
			defaultConfigurationIsVisible = 0;
		};
		F01CC94A1BCD765A00A4F107 /* Build configuration list for PBXNativeTarget "PunpkinTests" */ = {
			isa = XCConfigurationList;
			buildConfigurations = (
				F01CC94B1BCD765A00A4F107 /* Debug */,
				F01CC94C1BCD765A00A4F107 /* Release */,
			);
			defaultConfigurationIsVisible = 0;
		};
/* End XCConfigurationList section */
	};
	rootObject = F01CC9201BCD765900A4F107 /* Project object */;
}
